{
  "name": "fairai-node-example",
  "version": "1.0.0",
  "lockfileVersion": 3,
  "requires": true,
  "packages": {
    "": {
      "name": "fairai-node-example",
      "version": "1.0.0",
      "license": "ISC",
      "dependencies": {
        "@fairai/evm-sdk": "file:../..",
        "ci": "^2.3.0"
      }
    },
    "../..": {
      "name": "@fairai/evm-sdk",
      "version": "0.0.1",
      "license": "ISC",
      "dependencies": {
        "@irys/query": "^0.0.6",
        "@irys/sdk": "^0.1.21",
        "@urql/core": "^5.0.0",
        "browser-or-node": "^3.0.0-pre.0",
        "ethers": "^6.11.1",
        "viem": "^2.9.13"
      },
      "devDependencies": {
        "@graphql-codegen/cli": "^5.0.2",
        "@graphql-codegen/client-preset": "^4.2.5",
        "@types/node": "^20.12.4",
        "@typescript-eslint/eslint-plugin": "^7.5.0",
        "@typescript-eslint/parser": "^7.5.0",
        "esbuild": "0.20.2",
        "esbuild-node-externals": "^1.13.0",
        "esbuild-plugin-polyfill-node": "^0.3.0",
        "eslint": "^8.57.0",
        "eslint-config-love": "^44.0.0",
        "eslint-config-prettier": "^9.1.0",
        "eslint-plugin-import": "^2.29.1",
        "eslint-plugin-n": "^16.6.2",
        "eslint-plugin-promise": "^6.1.1",
        "graphql": "^16.8.1",
        "prettier": "^3.2.5",
        "rimraf": "^5.0.5",
        "typescript": "^5.4.3"
      }
    },
    "../../node_modules/@graphql-codegen/client-preset": {
      "dev": true
    },
    "../../node_modules/@irys/query": {},
    "../../node_modules/@irys/sdk": {},
    "../../node_modules/@typescript-eslint/eslint-plugin": {
      "dev": true
    },
    "../../node_modules/@typescript-eslint/parser": {
      "dev": true
    },
    "../../node_modules/eslint": {
      "dev": true
    },
    "../../node_modules/viem": {},
    "node_modules/@fairai/evm-sdk": {
      "resolved": "../..",
      "link": true
    },
    "node_modules/ci": {
      "version": "2.3.0",
      "resolved": "https://registry.npmjs.org/ci/-/ci-2.3.0.tgz",
      "integrity": "sha512-0MGXkzJKkwV3enG7RUxjJKdiAkbaZ7visCjitfpCN2BQjv02KGRMxCHLv4RPokkjJ4xR33FLMAXweS+aQ0pFSQ==",
      "bin": {
        "ci": "dist/cli.js"
      },
      "funding": {
        "url": "https://github.com/privatenumber/ci?sponsor=1"
      }
    }
  }
}
